
Microsoft Visual Studio Solution File, Format Version 12.00
# Visual Studio 15
VisualStudioVersion = 15.0.27428.2043
MinimumVisualStudioVersion = 10.0.40219.1
Project("{2150E333-8FDC-42A3-9474-1A3956D46DE8}") = "CMCS.Services", "CMCS.Services", "{E3C32039-180C-4953-A74E-CFEAB5327F80}"
	ProjectSection(SolutionItems) = preProject
		CMCS.Services\远程服务.txt = CMCS.Services\远程服务.txt
	EndProjectSection
EndProject
Project("{2150E333-8FDC-42A3-9474-1A3956D46DE8}") = "CMCS.Applets", "CMCS.Applets", "{AD438C5B-D836-48B1-A770-BFA0117952DD}"
EndProject
Project("{2150E333-8FDC-42A3-9474-1A3956D46DE8}") = "CMCS.Common", "CMCS.Common", "{BF8FB783-5FCC-4BBB-A23A-B4D028606C54}"
EndProject
Project("{2150E333-8FDC-42A3-9474-1A3956D46DE8}") = "CMCS.CarTransport", "CMCS.CarTransport", "{981DBC3B-067B-4C66-B28D-2D58ABB926B0}"
EndProject
Project("{FAE04EC0-301F-11D3-BF4B-00C04F79EFBC}") = "CMCS.DapperDber", "CMCS.Common\CMCS.DapperDber\CMCS.DapperDber.csproj", "{6384F3D5-7CB5-4D1F-8A1F-3FA9B0A78F05}"
EndProject
Project("{2150E333-8FDC-42A3-9474-1A3956D46DE8}") = "CMCS.DumblyConcealer", "CMCS.DumblyConcealer", "{DA9295D4-93B6-46E3-A321-2B5C66B324F3}"
EndProject
Project("{FAE04EC0-301F-11D3-BF4B-00C04F79EFBC}") = "CMCS.DumblyConcealer.Win", "CMCS.DumblyConcealer\CMCS.DumblyConcealer.Win\CMCS.DumblyConcealer.Win.csproj", "{19F9E4F5-83A0-412B-A3B5-F39D7CBB37E6}"
EndProject
Project("{FAE04EC0-301F-11D3-BF4B-00C04F79EFBC}") = "CMCS.TrainTipper", "CMCS.Applets\CMCS.TrainTipper\CMCS.TrainTipper.csproj", "{A588B70C-9759-4C75-89D0-4BDCE70FB254}"
EndProject
Project("{FAE04EC0-301F-11D3-BF4B-00C04F79EFBC}") = "CMCS.DumblyConcealer", "CMCS.DumblyConcealer\CMCS.DumblyConcealer\CMCS.DumblyConcealer.csproj", "{876E357B-8180-4060-87F5-5D5C11E29E4E}"
EndProject
Project("{2150E333-8FDC-42A3-9474-1A3956D46DE8}") = "CMCS.Hardware", "CMCS.Hardware", "{24D9566D-3057-4176-8A15-9FDD81356AC9}"
EndProject
Project("{FAE04EC0-301F-11D3-BF4B-00C04F79EFBC}") = "WB.TOLEDO.IND231", "CMCS.Hardware\Wagon_Meter_TOLEDO_IND231\WB.TOLEDO.IND231.csproj", "{40402C8B-6A76-4B69-9026-65D880668F60}"
EndProject
Project("{FAE04EC0-301F-11D3-BF4B-00C04F79EFBC}") = "CMCS.UnloadSampler", "CMCS.Applets\CMCS.UnloadSampler\CMCS.UnloadSampler.csproj", "{1D1C6C10-62A3-424B-9F2C-D0BD6BB68991}"
EndProject
Project("{FAE04EC0-301F-11D3-BF4B-00C04F79EFBC}") = "CMCS.ADGS", "CMCS.Applets\CMCS.ADGS\CMCS.ADGS\CMCS.ADGS.csproj", "{C56E2092-4B56-4366-9F41-1F949A9F619B}"
EndProject
Project("{FAE04EC0-301F-11D3-BF4B-00C04F79EFBC}") = "CMCS.Forms.UserControls", "CMCS.Common\CMCS.Forms.UserControls\CMCS.Forms.UserControls.csproj", "{543ED9EB-DADE-4694-BA6C-7ECEAA5D135C}"
EndProject
Project("{2150E333-8FDC-42A3-9474-1A3956D46DE8}") = "CMCS.ADGS", "CMCS.ADGS", "{293CCD46-FD9A-405A-9AC8-38136E4C91DC}"
EndProject
Project("{FAE04EC0-301F-11D3-BF4B-00C04F79EFBC}") = "CMCS.ADGS.Win", "CMCS.Applets\CMCS.ADGS\CMCS.ADGS.Win\CMCS.ADGS.Win.csproj", "{D419C730-7E33-475F-B8F0-31DA6216DD80}"
EndProject
Project("{2150E333-8FDC-42A3-9474-1A3956D46DE8}") = "CMCS.Test", "CMCS.Test", "{95E2E33B-1A00-4E09-8E15-78A8B2184726}"
EndProject
Project("{FAE04EC0-301F-11D3-BF4B-00C04F79EFBC}") = "CMCS.DataTester", "CMCS.Test\CMCS.DataTester\CMCS.DataTester.csproj", "{A39BDCE8-FDE6-4159-9291-BB933948CA56}"
EndProject
Project("{FAE04EC0-301F-11D3-BF4B-00C04F79EFBC}") = "CMCS.CarTransport", "CMCS.CarTransport\CMCS.CarTransport\CMCS.CarTransport.csproj", "{5ED15A98-0895-48D3-851C-088A217D41E7}"
EndProject
Project("{FAE04EC0-301F-11D3-BF4B-00C04F79EFBC}") = "CMCS.CarTransport.Queue", "CMCS.CarTransport\CMCS.CarTransport.Queue\CMCS.CarTransport.Queue.csproj", "{6D1E6459-D918-445D-AADE-196027A2FF17}"
EndProject
Project("{FAE04EC0-301F-11D3-BF4B-00C04F79EFBC}") = "CMCS.CarTransport.Out", "CMCS.CarTransport\CMCS.CarTransport.Out\CMCS.CarTransport.Out.csproj", "{360BB332-FB7D-450C-86F9-E06E9C0869BF}"
EndProject
Project("{FAE04EC0-301F-11D3-BF4B-00C04F79EFBC}") = "CMCS.CarTransport.Weighter", "CMCS.CarTransport\CMCS.CarTransport.Weighter\CMCS.CarTransport.Weighter.csproj", "{62D29056-3A63-47B7-AD03-158F9991FAE2}"
EndProject
Project("{FAE04EC0-301F-11D3-BF4B-00C04F79EFBC}") = "CMCS.CarTransport.JxSampler", "CMCS.CarTransport\CMCS.CarTransport.JxSampler\CMCS.CarTransport.JxSampler.csproj", "{A521B336-5BE0-4576-97EF-619246CCA6C6}"
EndProject
Project("{FAE04EC0-301F-11D3-BF4B-00C04F79EFBC}") = "IOC.JMDM20DIOV2", "CMCS.Hardware\IOC.JMDM20DIOV2\IOC.JMDM20DIOV2.csproj", "{A41DA131-E0C5-46DF-B550-1A5A36C51B64}"
EndProject
Project("{FAE04EC0-301F-11D3-BF4B-00C04F79EFBC}") = "LED.YB14", "CMCS.Hardware\LED.YB14\LED.YB14.csproj", "{85632121-2FB7-46EF-8F72-150DCC71E472}"
EndProject
Project("{FAE04EC0-301F-11D3-BF4B-00C04F79EFBC}") = "WB.TOLEDO.IND245", "CMCS.Hardware\WB.TOLEDO.IND245\WB.TOLEDO.IND245.csproj", "{481548C1-51EB-42C6-AD05-E0364E4A3AAA}"
EndProject
Project("{FAE04EC0-301F-11D3-BF4B-00C04F79EFBC}") = "SPCL.ZHLF51", "CMCS.Hardware\SPCL.ZHLF51\SPCL.ZHLF51.csproj", "{AA5A8531-83EB-4999-9435-C5FFF391F4CF}"
EndProject
Project("{FAE04EC0-301F-11D3-BF4B-00C04F79EFBC}") = "RW.UHFReader18", "CMCS.Hardware\RW.UHFReader18\RW.UHFReader18.csproj", "{CAFCC9E5-5134-451A-8B3E-43D4B76E5318}"
EndProject
Project("{FAE04EC0-301F-11D3-BF4B-00C04F79EFBC}") = "HikVisionSDK.Core", "CMCS.Hardware\HikVisionSDK.Core\HikVisionSDK.Core.csproj", "{3C06E562-08C1-44F5-A735-C0A14CC94A7F}"
EndProject
Project("{FAE04EC0-301F-11D3-BF4B-00C04F79EFBC}") = "CMCS.DotNetBar.Utilities", "CMCS.Common\CMCS.DotNetBar.Utilities\CMCS.DotNetBar.Utilities.csproj", "{AB80688E-8CFE-4E41-AF48-090EEE8553BA}"
EndProject
Project("{2150E333-8FDC-42A3-9474-1A3956D46DE8}") = "CMCS.WeighCheck", "CMCS.WeighCheck", "{22633E6A-5118-4C20-B1A0-A17035E75D76}"
EndProject
Project("{FAE04EC0-301F-11D3-BF4B-00C04F79EFBC}") = "CMCS.WeighCheck.SampleWeigh", "CMCS.Applets\CMCS.WeighCheck\CMCS.WeighCheck.SampleWeigh\CMCS.WeighCheck.SampleWeigh.csproj", "{5E590AD1-6311-44E4-B95A-5F7DE33EAE52}"
EndProject
Project("{FAE04EC0-301F-11D3-BF4B-00C04F79EFBC}") = "CMCS.WeighCheck", "CMCS.Applets\CMCS.WeighCheck\CMCS.WeighCheck\CMCS.WeighCheck.csproj", "{4EB74D5F-B5FA-4CDD-A908-1965DBE00614}"
EndProject
Project("{FAE04EC0-301F-11D3-BF4B-00C04F79EFBC}") = "CMCS.WeighCheck.SampleCheck", "CMCS.Applets\CMCS.WeighCheck\CMCS.WeighCheck.SampleCheck\CMCS.WeighCheck.SampleCheck.csproj", "{CF202182-CB0A-4AE5-B910-02D4E6D6F66F}"
EndProject
Project("{FAE04EC0-301F-11D3-BF4B-00C04F79EFBC}") = "CMCS.WeighCheck.MakeWeight", "CMCS.Applets\CMCS.WeighCheck\CMCS.WeighCheck.MakeWeight\CMCS.WeighCheck.MakeWeight.csproj", "{2945BA65-AA83-41AC-8F5C-A7FF18070E06}"
EndProject
Project("{FAE04EC0-301F-11D3-BF4B-00C04F79EFBC}") = "CMCS.WeighCheck.MakeCheck", "CMCS.Applets\CMCS.WeighCheck\CMCS.WeighCheck.MakeCheck\CMCS.WeighCheck.MakeCheck.csproj", "{0ED32D17-940B-41E9-AFC1-2BB4940694A2}"
EndProject
Project("{FAE04EC0-301F-11D3-BF4B-00C04F79EFBC}") = "CMCS.CarTransport.BeltSampler_RL", "CMCS.CarTransport\CMCS.CarTransport.BeltSampler_RL\CMCS.CarTransport.BeltSampler_RL.csproj", "{5DC42914-A421-4FA5-BD5A-234F2ABAE139}"
EndProject
Project("{FAE04EC0-301F-11D3-BF4B-00C04F79EFBC}") = "CMCS.CarTransport.BeltSampler", "CMCS.CarTransport\CMCS.CarTransport.BeltSampler\CMCS.CarTransport.BeltSampler.csproj", "{B14197D6-E228-42C9-A458-DAB73AFED05C}"
EndProject
Project("{FAE04EC0-301F-11D3-BF4B-00C04F79EFBC}") = "CMCS.CarTransport.WeightNotesPrint", "CMCS.CarTransport\CMCS.CarTransport.WeightNotesPrint\CMCS.CarTransport.WeightNotesPrint.csproj", "{1B8DD332-1FD5-4339-B8AB-D8587AF4E34E}"
EndProject
Project("{FAE04EC0-301F-11D3-BF4B-00C04F79EFBC}") = "CMCS.EPCEmpower", "CMCS.Applets\CMCS.EPCEmpower\CMCS.EPCEmpower.csproj", "{43DB8909-4655-4DE4-918F-63C0DB22B0E0}"
EndProject
Project("{FAE04EC0-301F-11D3-BF4B-00C04F79EFBC}") = "RW.LZR12_Com", "CMCS.Hardware\RW.LZR12_Com\RW.LZR12_Com.csproj", "{8396AA11-76D7-423F-86F7-556ACCC767DE}"
EndProject
Project("{FAE04EC0-301F-11D3-BF4B-00C04F79EFBC}") = "RW.LZR12", "CMCS.Hardware\RW.LZR12\RW.LZR12.csproj", "{D9A0FB66-C657-41F2-9915-7A3F0767C621}"
EndProject
Project("{FAE04EC0-301F-11D3-BF4B-00C04F79EFBC}") = "DAHUASDK.Core", "CMCS.Hardware\DAHUASDK.Core\DAHUASDK.Core.csproj", "{1505E3E2-FB4A-4AD5-BC17-A40A9C436B8C}"
EndProject
Project("{FAE04EC0-301F-11D3-BF4B-00C04F79EFBC}") = "CMCS.Common", "CMCS.Common\CMCS.Common\CMCS.Common.csproj", "{8DB8A68D-079F-4825-A9F4-C6FF78D799EB}"
EndProject
Project("{FAE04EC0-301F-11D3-BF4B-00C04F79EFBC}") = "CMCS.WeighCheck.MakeChange", "CMCS.Applets\CMCS.WeighCheck\CMCS.WeighCheck.MakeChange\CMCS.WeighCheck.MakeChange.csproj", "{64BAA1A3-A487-4741-A208-AC1DA99539BA}"
EndProject
Project("{2150E333-8FDC-42A3-9474-1A3956D46DE8}") = "CMCS.Monitor", "CMCS.Monitor", "{4BC130E2-763B-4D0E-9856-B0F0E568F241}"
EndProject
Project("{FAE04EC0-301F-11D3-BF4B-00C04F79EFBC}") = "BalanceDataGraber", "CMCS.CarTransport\BalanceDataGraber\BalanceDataGraber.csproj", "{8A42C2AB-0FEC-4147-A774-B0A704844ADE}"
EndProject
Project("{FAE04EC0-301F-11D3-BF4B-00C04F79EFBC}") = "IOC.JMDMYTWI8DOMR", "CMCS.Hardware\IOC.YTWI8DOMR\IOC.JMDMYTWI8DOMR.csproj", "{84605EDC-CF72-4200-9FC6-9C989B48DC1E}"
EndProject
Project("{FAE04EC0-301F-11D3-BF4B-00C04F79EFBC}") = "RW.UHFApiV10", "CMCS.Hardware\RW.UHFApiV10\RW.UHFApiV10.csproj", "{5655AB96-0BD0-488E-94FA-4FCA612F5EAB}"
EndProject
Project("{2150E333-8FDC-42A3-9474-1A3956D46DE8}") = "CMCS.CommonADGS", "CMCS.CommonADGS", "{BD51C077-3D02-4B5A-A50C-9413CA7E68C0}"
EndProject
Project("{FAE04EC0-301F-11D3-BF4B-00C04F79EFBC}") = "CMCS.CommonADGS.Win", "CMCS.Applets\CMCS.CommonADGS\CMCS.CommonADGS.Win\CMCS.CommonADGS.Win.csproj", "{CEA4BB5A-6741-4104-B72B-D001D91288F1}"
EndProject
Project("{FAE04EC0-301F-11D3-BF4B-00C04F79EFBC}") = "CMCS.CommonADGS.Server", "CMCS.Applets\CMCS.CommonADGS\CMCS.CommonADGS.Server\CMCS.CommonADGS.Server.csproj", "{640D4AA2-6966-4130-91A6-26244858FD81}"
EndProject
Project("{FAE04EC0-301F-11D3-BF4B-00C04F79EFBC}") = "CMCS.CommonADGS", "CMCS.Applets\CMCS.CommonADGS\CMCS.CommonADGS\CMCS.CommonADGS.csproj", "{593FD7D9-EBAC-4CEB-B30F-6418EF03C65E}"
EndProject
Global
	GlobalSection(SolutionConfigurationPlatforms) = preSolution
		Debug|Any CPU = Debug|Any CPU
		Debug|Mixed Platforms = Debug|Mixed Platforms
		Debug|x64 = Debug|x64
		Debug|x86 = Debug|x86
		Release|Any CPU = Release|Any CPU
		Release|Mixed Platforms = Release|Mixed Platforms
		Release|x64 = Release|x64
		Release|x86 = Release|x86
	EndGlobalSection
	GlobalSection(ProjectConfigurationPlatforms) = postSolution
		{6384F3D5-7CB5-4D1F-8A1F-3FA9B0A78F05}.Debug|Any CPU.ActiveCfg = Debug|Any CPU
		{6384F3D5-7CB5-4D1F-8A1F-3FA9B0A78F05}.Debug|Any CPU.Build.0 = Debug|Any CPU
		{6384F3D5-7CB5-4D1F-8A1F-3FA9B0A78F05}.Debug|Mixed Platforms.ActiveCfg = Debug|Any CPU
		{6384F3D5-7CB5-4D1F-8A1F-3FA9B0A78F05}.Debug|Mixed Platforms.Build.0 = Debug|Any CPU
		{6384F3D5-7CB5-4D1F-8A1F-3FA9B0A78F05}.Debug|x64.ActiveCfg = Debug|Any CPU
		{6384F3D5-7CB5-4D1F-8A1F-3FA9B0A78F05}.Debug|x86.ActiveCfg = Debug|Any CPU
		{6384F3D5-7CB5-4D1F-8A1F-3FA9B0A78F05}.Release|Any CPU.ActiveCfg = Release|Any CPU
		{6384F3D5-7CB5-4D1F-8A1F-3FA9B0A78F05}.Release|Any CPU.Build.0 = Release|Any CPU
		{6384F3D5-7CB5-4D1F-8A1F-3FA9B0A78F05}.Release|Mixed Platforms.ActiveCfg = Release|Any CPU
		{6384F3D5-7CB5-4D1F-8A1F-3FA9B0A78F05}.Release|Mixed Platforms.Build.0 = Release|Any CPU
		{6384F3D5-7CB5-4D1F-8A1F-3FA9B0A78F05}.Release|x64.ActiveCfg = Release|Any CPU
		{6384F3D5-7CB5-4D1F-8A1F-3FA9B0A78F05}.Release|x86.ActiveCfg = Release|Any CPU
		{19F9E4F5-83A0-412B-A3B5-F39D7CBB37E6}.Debug|Any CPU.ActiveCfg = Debug|x86
		{19F9E4F5-83A0-412B-A3B5-F39D7CBB37E6}.Debug|Mixed Platforms.ActiveCfg = Debug|x86
		{19F9E4F5-83A0-412B-A3B5-F39D7CBB37E6}.Debug|Mixed Platforms.Build.0 = Debug|x86
		{19F9E4F5-83A0-412B-A3B5-F39D7CBB37E6}.Debug|x64.ActiveCfg = Debug|x86
		{19F9E4F5-83A0-412B-A3B5-F39D7CBB37E6}.Debug|x86.ActiveCfg = Debug|x86
		{19F9E4F5-83A0-412B-A3B5-F39D7CBB37E6}.Debug|x86.Build.0 = Debug|x86
		{19F9E4F5-83A0-412B-A3B5-F39D7CBB37E6}.Release|Any CPU.ActiveCfg = Release|x86
		{19F9E4F5-83A0-412B-A3B5-F39D7CBB37E6}.Release|Mixed Platforms.ActiveCfg = Release|x86
		{19F9E4F5-83A0-412B-A3B5-F39D7CBB37E6}.Release|Mixed Platforms.Build.0 = Release|x86
		{19F9E4F5-83A0-412B-A3B5-F39D7CBB37E6}.Release|x64.ActiveCfg = Release|x86
		{19F9E4F5-83A0-412B-A3B5-F39D7CBB37E6}.Release|x86.ActiveCfg = Release|x86
		{19F9E4F5-83A0-412B-A3B5-F39D7CBB37E6}.Release|x86.Build.0 = Release|x86
		{A588B70C-9759-4C75-89D0-4BDCE70FB254}.Debug|Any CPU.ActiveCfg = Debug|x86
		{A588B70C-9759-4C75-89D0-4BDCE70FB254}.Debug|Mixed Platforms.ActiveCfg = Debug|x86
		{A588B70C-9759-4C75-89D0-4BDCE70FB254}.Debug|Mixed Platforms.Build.0 = Debug|x86
		{A588B70C-9759-4C75-89D0-4BDCE70FB254}.Debug|x64.ActiveCfg = Debug|x86
		{A588B70C-9759-4C75-89D0-4BDCE70FB254}.Debug|x86.ActiveCfg = Debug|x86
		{A588B70C-9759-4C75-89D0-4BDCE70FB254}.Debug|x86.Build.0 = Debug|x86
		{A588B70C-9759-4C75-89D0-4BDCE70FB254}.Release|Any CPU.ActiveCfg = Release|x86
		{A588B70C-9759-4C75-89D0-4BDCE70FB254}.Release|Mixed Platforms.ActiveCfg = Release|x86
		{A588B70C-9759-4C75-89D0-4BDCE70FB254}.Release|Mixed Platforms.Build.0 = Release|x86
		{A588B70C-9759-4C75-89D0-4BDCE70FB254}.Release|x64.ActiveCfg = Release|x86
		{A588B70C-9759-4C75-89D0-4BDCE70FB254}.Release|x86.ActiveCfg = Release|x86
		{A588B70C-9759-4C75-89D0-4BDCE70FB254}.Release|x86.Build.0 = Release|x86
		{876E357B-8180-4060-87F5-5D5C11E29E4E}.Debug|Any CPU.ActiveCfg = Debug|Any CPU
		{876E357B-8180-4060-87F5-5D5C11E29E4E}.Debug|Any CPU.Build.0 = Debug|Any CPU
		{876E357B-8180-4060-87F5-5D5C11E29E4E}.Debug|Mixed Platforms.ActiveCfg = Debug|Any CPU
		{876E357B-8180-4060-87F5-5D5C11E29E4E}.Debug|Mixed Platforms.Build.0 = Debug|Any CPU
		{876E357B-8180-4060-87F5-5D5C11E29E4E}.Debug|x64.ActiveCfg = Debug|Any CPU
		{876E357B-8180-4060-87F5-5D5C11E29E4E}.Debug|x86.ActiveCfg = Debug|Any CPU
		{876E357B-8180-4060-87F5-5D5C11E29E4E}.Release|Any CPU.ActiveCfg = Release|Any CPU
		{876E357B-8180-4060-87F5-5D5C11E29E4E}.Release|Any CPU.Build.0 = Release|Any CPU
		{876E357B-8180-4060-87F5-5D5C11E29E4E}.Release|Mixed Platforms.ActiveCfg = Release|Any CPU
		{876E357B-8180-4060-87F5-5D5C11E29E4E}.Release|Mixed Platforms.Build.0 = Release|Any CPU
		{876E357B-8180-4060-87F5-5D5C11E29E4E}.Release|x64.ActiveCfg = Release|Any CPU
		{876E357B-8180-4060-87F5-5D5C11E29E4E}.Release|x86.ActiveCfg = Release|Any CPU
		{40402C8B-6A76-4B69-9026-65D880668F60}.Debug|Any CPU.ActiveCfg = Debug|Any CPU
		{40402C8B-6A76-4B69-9026-65D880668F60}.Debug|Any CPU.Build.0 = Debug|Any CPU
		{40402C8B-6A76-4B69-9026-65D880668F60}.Debug|Mixed Platforms.ActiveCfg = Debug|Any CPU
		{40402C8B-6A76-4B69-9026-65D880668F60}.Debug|Mixed Platforms.Build.0 = Debug|Any CPU
		{40402C8B-6A76-4B69-9026-65D880668F60}.Debug|x64.ActiveCfg = Debug|Any CPU
		{40402C8B-6A76-4B69-9026-65D880668F60}.Debug|x86.ActiveCfg = Debug|Any CPU
		{40402C8B-6A76-4B69-9026-65D880668F60}.Release|Any CPU.ActiveCfg = Release|Any CPU
		{40402C8B-6A76-4B69-9026-65D880668F60}.Release|Any CPU.Build.0 = Release|Any CPU
		{40402C8B-6A76-4B69-9026-65D880668F60}.Release|Mixed Platforms.ActiveCfg = Release|Any CPU
		{40402C8B-6A76-4B69-9026-65D880668F60}.Release|Mixed Platforms.Build.0 = Release|Any CPU
		{40402C8B-6A76-4B69-9026-65D880668F60}.Release|x64.ActiveCfg = Release|Any CPU
		{40402C8B-6A76-4B69-9026-65D880668F60}.Release|x86.ActiveCfg = Release|Any CPU
		{1D1C6C10-62A3-424B-9F2C-D0BD6BB68991}.Debug|Any CPU.ActiveCfg = Debug|x86
		{1D1C6C10-62A3-424B-9F2C-D0BD6BB68991}.Debug|Mixed Platforms.ActiveCfg = Debug|x86
		{1D1C6C10-62A3-424B-9F2C-D0BD6BB68991}.Debug|Mixed Platforms.Build.0 = Debug|x86
		{1D1C6C10-62A3-424B-9F2C-D0BD6BB68991}.Debug|x64.ActiveCfg = Debug|x86
		{1D1C6C10-62A3-424B-9F2C-D0BD6BB68991}.Debug|x86.ActiveCfg = Debug|x86
		{1D1C6C10-62A3-424B-9F2C-D0BD6BB68991}.Debug|x86.Build.0 = Debug|x86
		{1D1C6C10-62A3-424B-9F2C-D0BD6BB68991}.Release|Any CPU.ActiveCfg = Release|x86
		{1D1C6C10-62A3-424B-9F2C-D0BD6BB68991}.Release|Mixed Platforms.ActiveCfg = Release|x86
		{1D1C6C10-62A3-424B-9F2C-D0BD6BB68991}.Release|Mixed Platforms.Build.0 = Release|x86
		{1D1C6C10-62A3-424B-9F2C-D0BD6BB68991}.Release|x64.ActiveCfg = Release|x86
		{1D1C6C10-62A3-424B-9F2C-D0BD6BB68991}.Release|x86.ActiveCfg = Release|x86
		{1D1C6C10-62A3-424B-9F2C-D0BD6BB68991}.Release|x86.Build.0 = Release|x86
		{C56E2092-4B56-4366-9F41-1F949A9F619B}.Debug|Any CPU.ActiveCfg = Debug|Any CPU
		{C56E2092-4B56-4366-9F41-1F949A9F619B}.Debug|Any CPU.Build.0 = Debug|Any CPU
		{C56E2092-4B56-4366-9F41-1F949A9F619B}.Debug|Mixed Platforms.ActiveCfg = Debug|Any CPU
		{C56E2092-4B56-4366-9F41-1F949A9F619B}.Debug|Mixed Platforms.Build.0 = Debug|Any CPU
		{C56E2092-4B56-4366-9F41-1F949A9F619B}.Debug|x64.ActiveCfg = Debug|Any CPU
		{C56E2092-4B56-4366-9F41-1F949A9F619B}.Debug|x86.ActiveCfg = Debug|Any CPU
		{C56E2092-4B56-4366-9F41-1F949A9F619B}.Release|Any CPU.ActiveCfg = Release|Any CPU
		{C56E2092-4B56-4366-9F41-1F949A9F619B}.Release|Any CPU.Build.0 = Release|Any CPU
		{C56E2092-4B56-4366-9F41-1F949A9F619B}.Release|Mixed Platforms.ActiveCfg = Release|Any CPU
		{C56E2092-4B56-4366-9F41-1F949A9F619B}.Release|Mixed Platforms.Build.0 = Release|Any CPU
		{C56E2092-4B56-4366-9F41-1F949A9F619B}.Release|x64.ActiveCfg = Release|Any CPU
		{C56E2092-4B56-4366-9F41-1F949A9F619B}.Release|x86.ActiveCfg = Release|Any CPU
		{543ED9EB-DADE-4694-BA6C-7ECEAA5D135C}.Debug|Any CPU.ActiveCfg = Debug|Any CPU
		{543ED9EB-DADE-4694-BA6C-7ECEAA5D135C}.Debug|Any CPU.Build.0 = Debug|Any CPU
		{543ED9EB-DADE-4694-BA6C-7ECEAA5D135C}.Debug|Mixed Platforms.ActiveCfg = Debug|Any CPU
		{543ED9EB-DADE-4694-BA6C-7ECEAA5D135C}.Debug|Mixed Platforms.Build.0 = Debug|Any CPU
		{543ED9EB-DADE-4694-BA6C-7ECEAA5D135C}.Debug|x64.ActiveCfg = Debug|Any CPU
		{543ED9EB-DADE-4694-BA6C-7ECEAA5D135C}.Debug|x86.ActiveCfg = Debug|Any CPU
		{543ED9EB-DADE-4694-BA6C-7ECEAA5D135C}.Release|Any CPU.ActiveCfg = Release|Any CPU
		{543ED9EB-DADE-4694-BA6C-7ECEAA5D135C}.Release|Any CPU.Build.0 = Release|Any CPU
		{543ED9EB-DADE-4694-BA6C-7ECEAA5D135C}.Release|Mixed Platforms.ActiveCfg = Release|Any CPU
		{543ED9EB-DADE-4694-BA6C-7ECEAA5D135C}.Release|Mixed Platforms.Build.0 = Release|Any CPU
		{543ED9EB-DADE-4694-BA6C-7ECEAA5D135C}.Release|x64.ActiveCfg = Release|Any CPU
		{543ED9EB-DADE-4694-BA6C-7ECEAA5D135C}.Release|x86.ActiveCfg = Release|Any CPU
		{D419C730-7E33-475F-B8F0-31DA6216DD80}.Debug|Any CPU.ActiveCfg = Debug|x86
		{D419C730-7E33-475F-B8F0-31DA6216DD80}.Debug|Mixed Platforms.ActiveCfg = Debug|x86
		{D419C730-7E33-475F-B8F0-31DA6216DD80}.Debug|Mixed Platforms.Build.0 = Debug|x86
		{D419C730-7E33-475F-B8F0-31DA6216DD80}.Debug|x64.ActiveCfg = Debug|x86
		{D419C730-7E33-475F-B8F0-31DA6216DD80}.Debug|x86.ActiveCfg = Debug|x86
		{D419C730-7E33-475F-B8F0-31DA6216DD80}.Debug|x86.Build.0 = Debug|x86
		{D419C730-7E33-475F-B8F0-31DA6216DD80}.Release|Any CPU.ActiveCfg = Release|x86
		{D419C730-7E33-475F-B8F0-31DA6216DD80}.Release|Mixed Platforms.ActiveCfg = Release|x86
		{D419C730-7E33-475F-B8F0-31DA6216DD80}.Release|Mixed Platforms.Build.0 = Release|x86
		{D419C730-7E33-475F-B8F0-31DA6216DD80}.Release|x64.ActiveCfg = Release|x86
		{D419C730-7E33-475F-B8F0-31DA6216DD80}.Release|x86.ActiveCfg = Release|x86
		{D419C730-7E33-475F-B8F0-31DA6216DD80}.Release|x86.Build.0 = Release|x86
		{A39BDCE8-FDE6-4159-9291-BB933948CA56}.Debug|Any CPU.ActiveCfg = Debug|x86
		{A39BDCE8-FDE6-4159-9291-BB933948CA56}.Debug|Mixed Platforms.ActiveCfg = Debug|x86
		{A39BDCE8-FDE6-4159-9291-BB933948CA56}.Debug|Mixed Platforms.Build.0 = Debug|x86
		{A39BDCE8-FDE6-4159-9291-BB933948CA56}.Debug|x64.ActiveCfg = Debug|x86
		{A39BDCE8-FDE6-4159-9291-BB933948CA56}.Debug|x86.ActiveCfg = Debug|x86
		{A39BDCE8-FDE6-4159-9291-BB933948CA56}.Debug|x86.Build.0 = Debug|x86
		{A39BDCE8-FDE6-4159-9291-BB933948CA56}.Release|Any CPU.ActiveCfg = Release|x86
		{A39BDCE8-FDE6-4159-9291-BB933948CA56}.Release|Mixed Platforms.ActiveCfg = Release|x86
		{A39BDCE8-FDE6-4159-9291-BB933948CA56}.Release|Mixed Platforms.Build.0 = Release|x86
		{A39BDCE8-FDE6-4159-9291-BB933948CA56}.Release|x64.ActiveCfg = Release|x86
		{A39BDCE8-FDE6-4159-9291-BB933948CA56}.Release|x86.ActiveCfg = Release|x86
		{A39BDCE8-FDE6-4159-9291-BB933948CA56}.Release|x86.Build.0 = Release|x86
		{5ED15A98-0895-48D3-851C-088A217D41E7}.Debug|Any CPU.ActiveCfg = Debug|Any CPU
		{5ED15A98-0895-48D3-851C-088A217D41E7}.Debug|Any CPU.Build.0 = Debug|Any CPU
		{5ED15A98-0895-48D3-851C-088A217D41E7}.Debug|Mixed Platforms.ActiveCfg = Debug|Any CPU
		{5ED15A98-0895-48D3-851C-088A217D41E7}.Debug|Mixed Platforms.Build.0 = Debug|Any CPU
		{5ED15A98-0895-48D3-851C-088A217D41E7}.Debug|x64.ActiveCfg = Debug|Any CPU
		{5ED15A98-0895-48D3-851C-088A217D41E7}.Debug|x86.ActiveCfg = Debug|Any CPU
		{5ED15A98-0895-48D3-851C-088A217D41E7}.Release|Any CPU.ActiveCfg = Release|Any CPU
		{5ED15A98-0895-48D3-851C-088A217D41E7}.Release|Any CPU.Build.0 = Release|Any CPU
		{5ED15A98-0895-48D3-851C-088A217D41E7}.Release|Mixed Platforms.ActiveCfg = Release|Any CPU
		{5ED15A98-0895-48D3-851C-088A217D41E7}.Release|Mixed Platforms.Build.0 = Release|Any CPU
		{5ED15A98-0895-48D3-851C-088A217D41E7}.Release|x64.ActiveCfg = Release|Any CPU
		{5ED15A98-0895-48D3-851C-088A217D41E7}.Release|x86.ActiveCfg = Release|Any CPU
		{6D1E6459-D918-445D-AADE-196027A2FF17}.Debug|Any CPU.ActiveCfg = Debug|x86
		{6D1E6459-D918-445D-AADE-196027A2FF17}.Debug|Mixed Platforms.ActiveCfg = Debug|x86
		{6D1E6459-D918-445D-AADE-196027A2FF17}.Debug|Mixed Platforms.Build.0 = Debug|x86
		{6D1E6459-D918-445D-AADE-196027A2FF17}.Debug|x64.ActiveCfg = Debug|x86
		{6D1E6459-D918-445D-AADE-196027A2FF17}.Debug|x86.ActiveCfg = Debug|x86
		{6D1E6459-D918-445D-AADE-196027A2FF17}.Debug|x86.Build.0 = Debug|x86
		{6D1E6459-D918-445D-AADE-196027A2FF17}.Release|Any CPU.ActiveCfg = Release|x86
		{6D1E6459-D918-445D-AADE-196027A2FF17}.Release|Mixed Platforms.ActiveCfg = Release|x86
		{6D1E6459-D918-445D-AADE-196027A2FF17}.Release|Mixed Platforms.Build.0 = Release|x86
		{6D1E6459-D918-445D-AADE-196027A2FF17}.Release|x64.ActiveCfg = Release|x86
		{6D1E6459-D918-445D-AADE-196027A2FF17}.Release|x86.ActiveCfg = Release|x86
		{6D1E6459-D918-445D-AADE-196027A2FF17}.Release|x86.Build.0 = Release|x86
		{360BB332-FB7D-450C-86F9-E06E9C0869BF}.Debug|Any CPU.ActiveCfg = Debug|x86
		{360BB332-FB7D-450C-86F9-E06E9C0869BF}.Debug|Mixed Platforms.ActiveCfg = Debug|x86
		{360BB332-FB7D-450C-86F9-E06E9C0869BF}.Debug|Mixed Platforms.Build.0 = Debug|x86
		{360BB332-FB7D-450C-86F9-E06E9C0869BF}.Debug|x64.ActiveCfg = Debug|x86
		{360BB332-FB7D-450C-86F9-E06E9C0869BF}.Debug|x86.ActiveCfg = Debug|x86
		{360BB332-FB7D-450C-86F9-E06E9C0869BF}.Debug|x86.Build.0 = Debug|x86
		{360BB332-FB7D-450C-86F9-E06E9C0869BF}.Release|Any CPU.ActiveCfg = Release|x86
		{360BB332-FB7D-450C-86F9-E06E9C0869BF}.Release|Mixed Platforms.ActiveCfg = Release|x86
		{360BB332-FB7D-450C-86F9-E06E9C0869BF}.Release|Mixed Platforms.Build.0 = Release|x86
		{360BB332-FB7D-450C-86F9-E06E9C0869BF}.Release|x64.ActiveCfg = Release|x86
		{360BB332-FB7D-450C-86F9-E06E9C0869BF}.Release|x86.ActiveCfg = Release|x86
		{360BB332-FB7D-450C-86F9-E06E9C0869BF}.Release|x86.Build.0 = Release|x86
		{62D29056-3A63-47B7-AD03-158F9991FAE2}.Debug|Any CPU.ActiveCfg = Debug|x86
		{62D29056-3A63-47B7-AD03-158F9991FAE2}.Debug|Mixed Platforms.ActiveCfg = Debug|x86
		{62D29056-3A63-47B7-AD03-158F9991FAE2}.Debug|Mixed Platforms.Build.0 = Debug|x86
		{62D29056-3A63-47B7-AD03-158F9991FAE2}.Debug|x64.ActiveCfg = Debug|x86
		{62D29056-3A63-47B7-AD03-158F9991FAE2}.Debug|x86.ActiveCfg = Debug|x86
		{62D29056-3A63-47B7-AD03-158F9991FAE2}.Debug|x86.Build.0 = Debug|x86
		{62D29056-3A63-47B7-AD03-158F9991FAE2}.Release|Any CPU.ActiveCfg = Release|x86
		{62D29056-3A63-47B7-AD03-158F9991FAE2}.Release|Mixed Platforms.ActiveCfg = Release|x86
		{62D29056-3A63-47B7-AD03-158F9991FAE2}.Release|Mixed Platforms.Build.0 = Release|x86
		{62D29056-3A63-47B7-AD03-158F9991FAE2}.Release|x64.ActiveCfg = Release|x86
		{62D29056-3A63-47B7-AD03-158F9991FAE2}.Release|x86.ActiveCfg = Release|x86
		{62D29056-3A63-47B7-AD03-158F9991FAE2}.Release|x86.Build.0 = Release|x86
		{A521B336-5BE0-4576-97EF-619246CCA6C6}.Debug|Any CPU.ActiveCfg = Debug|x86
		{A521B336-5BE0-4576-97EF-619246CCA6C6}.Debug|Mixed Platforms.ActiveCfg = Debug|x86
		{A521B336-5BE0-4576-97EF-619246CCA6C6}.Debug|Mixed Platforms.Build.0 = Debug|x86
		{A521B336-5BE0-4576-97EF-619246CCA6C6}.Debug|x64.ActiveCfg = Debug|x86
		{A521B336-5BE0-4576-97EF-619246CCA6C6}.Debug|x86.ActiveCfg = Debug|x86
		{A521B336-5BE0-4576-97EF-619246CCA6C6}.Debug|x86.Build.0 = Debug|x86
		{A521B336-5BE0-4576-97EF-619246CCA6C6}.Release|Any CPU.ActiveCfg = Release|x86
		{A521B336-5BE0-4576-97EF-619246CCA6C6}.Release|Mixed Platforms.ActiveCfg = Release|x86
		{A521B336-5BE0-4576-97EF-619246CCA6C6}.Release|Mixed Platforms.Build.0 = Release|x86
		{A521B336-5BE0-4576-97EF-619246CCA6C6}.Release|x64.ActiveCfg = Release|x86
		{A521B336-5BE0-4576-97EF-619246CCA6C6}.Release|x86.ActiveCfg = Release|x86
		{A521B336-5BE0-4576-97EF-619246CCA6C6}.Release|x86.Build.0 = Release|x86
		{A41DA131-E0C5-46DF-B550-1A5A36C51B64}.Debug|Any CPU.ActiveCfg = Debug|Any CPU
		{A41DA131-E0C5-46DF-B550-1A5A36C51B64}.Debug|Any CPU.Build.0 = Debug|Any CPU
		{A41DA131-E0C5-46DF-B550-1A5A36C51B64}.Debug|Mixed Platforms.ActiveCfg = Debug|Any CPU
		{A41DA131-E0C5-46DF-B550-1A5A36C51B64}.Debug|Mixed Platforms.Build.0 = Debug|Any CPU
		{A41DA131-E0C5-46DF-B550-1A5A36C51B64}.Debug|x64.ActiveCfg = Debug|Any CPU
		{A41DA131-E0C5-46DF-B550-1A5A36C51B64}.Debug|x86.ActiveCfg = Debug|Any CPU
		{A41DA131-E0C5-46DF-B550-1A5A36C51B64}.Release|Any CPU.ActiveCfg = Release|Any CPU
		{A41DA131-E0C5-46DF-B550-1A5A36C51B64}.Release|Any CPU.Build.0 = Release|Any CPU
		{A41DA131-E0C5-46DF-B550-1A5A36C51B64}.Release|Mixed Platforms.ActiveCfg = Release|Any CPU
		{A41DA131-E0C5-46DF-B550-1A5A36C51B64}.Release|Mixed Platforms.Build.0 = Release|Any CPU
		{A41DA131-E0C5-46DF-B550-1A5A36C51B64}.Release|x64.ActiveCfg = Release|Any CPU
		{A41DA131-E0C5-46DF-B550-1A5A36C51B64}.Release|x86.ActiveCfg = Release|Any CPU
		{85632121-2FB7-46EF-8F72-150DCC71E472}.Debug|Any CPU.ActiveCfg = Debug|Any CPU
		{85632121-2FB7-46EF-8F72-150DCC71E472}.Debug|Any CPU.Build.0 = Debug|Any CPU
		{85632121-2FB7-46EF-8F72-150DCC71E472}.Debug|Mixed Platforms.ActiveCfg = Debug|Any CPU
		{85632121-2FB7-46EF-8F72-150DCC71E472}.Debug|Mixed Platforms.Build.0 = Debug|Any CPU
		{85632121-2FB7-46EF-8F72-150DCC71E472}.Debug|x64.ActiveCfg = Debug|Any CPU
		{85632121-2FB7-46EF-8F72-150DCC71E472}.Debug|x86.ActiveCfg = Debug|Any CPU
		{85632121-2FB7-46EF-8F72-150DCC71E472}.Release|Any CPU.ActiveCfg = Release|Any CPU
		{85632121-2FB7-46EF-8F72-150DCC71E472}.Release|Any CPU.Build.0 = Release|Any CPU
		{85632121-2FB7-46EF-8F72-150DCC71E472}.Release|Mixed Platforms.ActiveCfg = Release|Any CPU
		{85632121-2FB7-46EF-8F72-150DCC71E472}.Release|Mixed Platforms.Build.0 = Release|Any CPU
		{85632121-2FB7-46EF-8F72-150DCC71E472}.Release|x64.ActiveCfg = Release|Any CPU
		{85632121-2FB7-46EF-8F72-150DCC71E472}.Release|x86.ActiveCfg = Release|Any CPU
		{481548C1-51EB-42C6-AD05-E0364E4A3AAA}.Debug|Any CPU.ActiveCfg = Debug|Any CPU
		{481548C1-51EB-42C6-AD05-E0364E4A3AAA}.Debug|Any CPU.Build.0 = Debug|Any CPU
		{481548C1-51EB-42C6-AD05-E0364E4A3AAA}.Debug|Mixed Platforms.ActiveCfg = Debug|Any CPU
		{481548C1-51EB-42C6-AD05-E0364E4A3AAA}.Debug|Mixed Platforms.Build.0 = Debug|Any CPU
		{481548C1-51EB-42C6-AD05-E0364E4A3AAA}.Debug|x64.ActiveCfg = Debug|Any CPU
		{481548C1-51EB-42C6-AD05-E0364E4A3AAA}.Debug|x86.ActiveCfg = Debug|Any CPU
		{481548C1-51EB-42C6-AD05-E0364E4A3AAA}.Release|Any CPU.ActiveCfg = Release|Any CPU
		{481548C1-51EB-42C6-AD05-E0364E4A3AAA}.Release|Any CPU.Build.0 = Release|Any CPU
		{481548C1-51EB-42C6-AD05-E0364E4A3AAA}.Release|Mixed Platforms.ActiveCfg = Release|Any CPU
		{481548C1-51EB-42C6-AD05-E0364E4A3AAA}.Release|Mixed Platforms.Build.0 = Release|Any CPU
		{481548C1-51EB-42C6-AD05-E0364E4A3AAA}.Release|x64.ActiveCfg = Release|Any CPU
		{481548C1-51EB-42C6-AD05-E0364E4A3AAA}.Release|x86.ActiveCfg = Release|Any CPU
		{AA5A8531-83EB-4999-9435-C5FFF391F4CF}.Debug|Any CPU.ActiveCfg = Debug|Any CPU
		{AA5A8531-83EB-4999-9435-C5FFF391F4CF}.Debug|Any CPU.Build.0 = Debug|Any CPU
		{AA5A8531-83EB-4999-9435-C5FFF391F4CF}.Debug|Mixed Platforms.ActiveCfg = Debug|Any CPU
		{AA5A8531-83EB-4999-9435-C5FFF391F4CF}.Debug|Mixed Platforms.Build.0 = Debug|Any CPU
		{AA5A8531-83EB-4999-9435-C5FFF391F4CF}.Debug|x64.ActiveCfg = Debug|Any CPU
		{AA5A8531-83EB-4999-9435-C5FFF391F4CF}.Debug|x86.ActiveCfg = Debug|Any CPU
		{AA5A8531-83EB-4999-9435-C5FFF391F4CF}.Release|Any CPU.ActiveCfg = Release|Any CPU
		{AA5A8531-83EB-4999-9435-C5FFF391F4CF}.Release|Any CPU.Build.0 = Release|Any CPU
		{AA5A8531-83EB-4999-9435-C5FFF391F4CF}.Release|Mixed Platforms.ActiveCfg = Release|Any CPU
		{AA5A8531-83EB-4999-9435-C5FFF391F4CF}.Release|Mixed Platforms.Build.0 = Release|Any CPU
		{AA5A8531-83EB-4999-9435-C5FFF391F4CF}.Release|x64.ActiveCfg = Release|Any CPU
		{AA5A8531-83EB-4999-9435-C5FFF391F4CF}.Release|x86.ActiveCfg = Release|Any CPU
		{CAFCC9E5-5134-451A-8B3E-43D4B76E5318}.Debug|Any CPU.ActiveCfg = Debug|Any CPU
		{CAFCC9E5-5134-451A-8B3E-43D4B76E5318}.Debug|Any CPU.Build.0 = Debug|Any CPU
		{CAFCC9E5-5134-451A-8B3E-43D4B76E5318}.Debug|Mixed Platforms.ActiveCfg = Debug|Any CPU
		{CAFCC9E5-5134-451A-8B3E-43D4B76E5318}.Debug|Mixed Platforms.Build.0 = Debug|Any CPU
		{CAFCC9E5-5134-451A-8B3E-43D4B76E5318}.Debug|x64.ActiveCfg = Debug|Any CPU
		{CAFCC9E5-5134-451A-8B3E-43D4B76E5318}.Debug|x86.ActiveCfg = Debug|Any CPU
		{CAFCC9E5-5134-451A-8B3E-43D4B76E5318}.Release|Any CPU.ActiveCfg = Release|Any CPU
		{CAFCC9E5-5134-451A-8B3E-43D4B76E5318}.Release|Any CPU.Build.0 = Release|Any CPU
		{CAFCC9E5-5134-451A-8B3E-43D4B76E5318}.Release|Mixed Platforms.ActiveCfg = Release|Any CPU
		{CAFCC9E5-5134-451A-8B3E-43D4B76E5318}.Release|Mixed Platforms.Build.0 = Release|Any CPU
		{CAFCC9E5-5134-451A-8B3E-43D4B76E5318}.Release|x64.ActiveCfg = Release|Any CPU
		{CAFCC9E5-5134-451A-8B3E-43D4B76E5318}.Release|x86.ActiveCfg = Release|Any CPU
		{3C06E562-08C1-44F5-A735-C0A14CC94A7F}.Debug|Any CPU.ActiveCfg = Debug|Any CPU
		{3C06E562-08C1-44F5-A735-C0A14CC94A7F}.Debug|Any CPU.Build.0 = Debug|Any CPU
		{3C06E562-08C1-44F5-A735-C0A14CC94A7F}.Debug|Mixed Platforms.ActiveCfg = Debug|Any CPU
		{3C06E562-08C1-44F5-A735-C0A14CC94A7F}.Debug|Mixed Platforms.Build.0 = Debug|Any CPU
		{3C06E562-08C1-44F5-A735-C0A14CC94A7F}.Debug|x64.ActiveCfg = Debug|Any CPU
		{3C06E562-08C1-44F5-A735-C0A14CC94A7F}.Debug|x86.ActiveCfg = Debug|Any CPU
		{3C06E562-08C1-44F5-A735-C0A14CC94A7F}.Release|Any CPU.ActiveCfg = Release|Any CPU
		{3C06E562-08C1-44F5-A735-C0A14CC94A7F}.Release|Any CPU.Build.0 = Release|Any CPU
		{3C06E562-08C1-44F5-A735-C0A14CC94A7F}.Release|Mixed Platforms.ActiveCfg = Release|Any CPU
		{3C06E562-08C1-44F5-A735-C0A14CC94A7F}.Release|Mixed Platforms.Build.0 = Release|Any CPU
		{3C06E562-08C1-44F5-A735-C0A14CC94A7F}.Release|x64.ActiveCfg = Release|Any CPU
		{3C06E562-08C1-44F5-A735-C0A14CC94A7F}.Release|x86.ActiveCfg = Release|Any CPU
		{AB80688E-8CFE-4E41-AF48-090EEE8553BA}.Debug|Any CPU.ActiveCfg = Debug|Any CPU
		{AB80688E-8CFE-4E41-AF48-090EEE8553BA}.Debug|Any CPU.Build.0 = Debug|Any CPU
		{AB80688E-8CFE-4E41-AF48-090EEE8553BA}.Debug|Mixed Platforms.ActiveCfg = Debug|Any CPU
		{AB80688E-8CFE-4E41-AF48-090EEE8553BA}.Debug|Mixed Platforms.Build.0 = Debug|Any CPU
		{AB80688E-8CFE-4E41-AF48-090EEE8553BA}.Debug|x64.ActiveCfg = Debug|Any CPU
		{AB80688E-8CFE-4E41-AF48-090EEE8553BA}.Debug|x86.ActiveCfg = Debug|Any CPU
		{AB80688E-8CFE-4E41-AF48-090EEE8553BA}.Release|Any CPU.ActiveCfg = Release|Any CPU
		{AB80688E-8CFE-4E41-AF48-090EEE8553BA}.Release|Any CPU.Build.0 = Release|Any CPU
		{AB80688E-8CFE-4E41-AF48-090EEE8553BA}.Release|Mixed Platforms.ActiveCfg = Release|Any CPU
		{AB80688E-8CFE-4E41-AF48-090EEE8553BA}.Release|Mixed Platforms.Build.0 = Release|Any CPU
		{AB80688E-8CFE-4E41-AF48-090EEE8553BA}.Release|x64.ActiveCfg = Release|Any CPU
		{AB80688E-8CFE-4E41-AF48-090EEE8553BA}.Release|x86.ActiveCfg = Release|Any CPU
		{5E590AD1-6311-44E4-B95A-5F7DE33EAE52}.Debug|Any CPU.ActiveCfg = Debug|x86
		{5E590AD1-6311-44E4-B95A-5F7DE33EAE52}.Debug|Mixed Platforms.ActiveCfg = Debug|x86
		{5E590AD1-6311-44E4-B95A-5F7DE33EAE52}.Debug|Mixed Platforms.Build.0 = Debug|x86
		{5E590AD1-6311-44E4-B95A-5F7DE33EAE52}.Debug|x64.ActiveCfg = Debug|x86
		{5E590AD1-6311-44E4-B95A-5F7DE33EAE52}.Debug|x86.ActiveCfg = Debug|x86
		{5E590AD1-6311-44E4-B95A-5F7DE33EAE52}.Debug|x86.Build.0 = Debug|x86
		{5E590AD1-6311-44E4-B95A-5F7DE33EAE52}.Release|Any CPU.ActiveCfg = Release|x86
		{5E590AD1-6311-44E4-B95A-5F7DE33EAE52}.Release|Mixed Platforms.ActiveCfg = Release|x86
		{5E590AD1-6311-44E4-B95A-5F7DE33EAE52}.Release|Mixed Platforms.Build.0 = Release|x86
		{5E590AD1-6311-44E4-B95A-5F7DE33EAE52}.Release|x64.ActiveCfg = Release|x86
		{5E590AD1-6311-44E4-B95A-5F7DE33EAE52}.Release|x86.ActiveCfg = Release|x86
		{5E590AD1-6311-44E4-B95A-5F7DE33EAE52}.Release|x86.Build.0 = Release|x86
		{4EB74D5F-B5FA-4CDD-A908-1965DBE00614}.Debug|Any CPU.ActiveCfg = Debug|Any CPU
		{4EB74D5F-B5FA-4CDD-A908-1965DBE00614}.Debug|Any CPU.Build.0 = Debug|Any CPU
		{4EB74D5F-B5FA-4CDD-A908-1965DBE00614}.Debug|Mixed Platforms.ActiveCfg = Debug|Any CPU
		{4EB74D5F-B5FA-4CDD-A908-1965DBE00614}.Debug|Mixed Platforms.Build.0 = Debug|Any CPU
		{4EB74D5F-B5FA-4CDD-A908-1965DBE00614}.Debug|x64.ActiveCfg = Debug|Any CPU
		{4EB74D5F-B5FA-4CDD-A908-1965DBE00614}.Debug|x86.ActiveCfg = Debug|Any CPU
		{4EB74D5F-B5FA-4CDD-A908-1965DBE00614}.Release|Any CPU.ActiveCfg = Release|Any CPU
		{4EB74D5F-B5FA-4CDD-A908-1965DBE00614}.Release|Any CPU.Build.0 = Release|Any CPU
		{4EB74D5F-B5FA-4CDD-A908-1965DBE00614}.Release|Mixed Platforms.ActiveCfg = Release|Any CPU
		{4EB74D5F-B5FA-4CDD-A908-1965DBE00614}.Release|Mixed Platforms.Build.0 = Release|Any CPU
		{4EB74D5F-B5FA-4CDD-A908-1965DBE00614}.Release|x64.ActiveCfg = Release|Any CPU
		{4EB74D5F-B5FA-4CDD-A908-1965DBE00614}.Release|x86.ActiveCfg = Release|Any CPU
		{CF202182-CB0A-4AE5-B910-02D4E6D6F66F}.Debug|Any CPU.ActiveCfg = Debug|x86
		{CF202182-CB0A-4AE5-B910-02D4E6D6F66F}.Debug|Mixed Platforms.ActiveCfg = Debug|x86
		{CF202182-CB0A-4AE5-B910-02D4E6D6F66F}.Debug|Mixed Platforms.Build.0 = Debug|x86
		{CF202182-CB0A-4AE5-B910-02D4E6D6F66F}.Debug|x64.ActiveCfg = Debug|x86
		{CF202182-CB0A-4AE5-B910-02D4E6D6F66F}.Debug|x86.ActiveCfg = Debug|x86
		{CF202182-CB0A-4AE5-B910-02D4E6D6F66F}.Debug|x86.Build.0 = Debug|x86
		{CF202182-CB0A-4AE5-B910-02D4E6D6F66F}.Release|Any CPU.ActiveCfg = Release|x86
		{CF202182-CB0A-4AE5-B910-02D4E6D6F66F}.Release|Mixed Platforms.ActiveCfg = Release|x86
		{CF202182-CB0A-4AE5-B910-02D4E6D6F66F}.Release|Mixed Platforms.Build.0 = Release|x86
		{CF202182-CB0A-4AE5-B910-02D4E6D6F66F}.Release|x64.ActiveCfg = Release|x86
		{CF202182-CB0A-4AE5-B910-02D4E6D6F66F}.Release|x86.ActiveCfg = Release|x86
		{CF202182-CB0A-4AE5-B910-02D4E6D6F66F}.Release|x86.Build.0 = Release|x86
		{2945BA65-AA83-41AC-8F5C-A7FF18070E06}.Debug|Any CPU.ActiveCfg = Debug|x86
		{2945BA65-AA83-41AC-8F5C-A7FF18070E06}.Debug|Mixed Platforms.ActiveCfg = Debug|x86
		{2945BA65-AA83-41AC-8F5C-A7FF18070E06}.Debug|Mixed Platforms.Build.0 = Debug|x86
		{2945BA65-AA83-41AC-8F5C-A7FF18070E06}.Debug|x64.ActiveCfg = Debug|x86
		{2945BA65-AA83-41AC-8F5C-A7FF18070E06}.Debug|x86.ActiveCfg = Debug|x86
		{2945BA65-AA83-41AC-8F5C-A7FF18070E06}.Debug|x86.Build.0 = Debug|x86
		{2945BA65-AA83-41AC-8F5C-A7FF18070E06}.Release|Any CPU.ActiveCfg = Release|x86
		{2945BA65-AA83-41AC-8F5C-A7FF18070E06}.Release|Mixed Platforms.ActiveCfg = Release|x86
		{2945BA65-AA83-41AC-8F5C-A7FF18070E06}.Release|Mixed Platforms.Build.0 = Release|x86
		{2945BA65-AA83-41AC-8F5C-A7FF18070E06}.Release|x64.ActiveCfg = Release|x86
		{2945BA65-AA83-41AC-8F5C-A7FF18070E06}.Release|x86.ActiveCfg = Release|x86
		{2945BA65-AA83-41AC-8F5C-A7FF18070E06}.Release|x86.Build.0 = Release|x86
		{0ED32D17-940B-41E9-AFC1-2BB4940694A2}.Debug|Any CPU.ActiveCfg = Debug|x86
		{0ED32D17-940B-41E9-AFC1-2BB4940694A2}.Debug|Mixed Platforms.ActiveCfg = Debug|x86
		{0ED32D17-940B-41E9-AFC1-2BB4940694A2}.Debug|Mixed Platforms.Build.0 = Debug|x86
		{0ED32D17-940B-41E9-AFC1-2BB4940694A2}.Debug|x64.ActiveCfg = Debug|x86
		{0ED32D17-940B-41E9-AFC1-2BB4940694A2}.Debug|x86.ActiveCfg = Debug|x86
		{0ED32D17-940B-41E9-AFC1-2BB4940694A2}.Debug|x86.Build.0 = Debug|x86
		{0ED32D17-940B-41E9-AFC1-2BB4940694A2}.Release|Any CPU.ActiveCfg = Release|x86
		{0ED32D17-940B-41E9-AFC1-2BB4940694A2}.Release|Mixed Platforms.ActiveCfg = Release|x86
		{0ED32D17-940B-41E9-AFC1-2BB4940694A2}.Release|Mixed Platforms.Build.0 = Release|x86
		{0ED32D17-940B-41E9-AFC1-2BB4940694A2}.Release|x64.ActiveCfg = Release|x86
		{0ED32D17-940B-41E9-AFC1-2BB4940694A2}.Release|x86.ActiveCfg = Release|x86
		{0ED32D17-940B-41E9-AFC1-2BB4940694A2}.Release|x86.Build.0 = Release|x86
		{5DC42914-A421-4FA5-BD5A-234F2ABAE139}.Debug|Any CPU.ActiveCfg = Debug|x86
		{5DC42914-A421-4FA5-BD5A-234F2ABAE139}.Debug|Mixed Platforms.ActiveCfg = Debug|x86
		{5DC42914-A421-4FA5-BD5A-234F2ABAE139}.Debug|Mixed Platforms.Build.0 = Debug|x86
		{5DC42914-A421-4FA5-BD5A-234F2ABAE139}.Debug|x64.ActiveCfg = Debug|x86
		{5DC42914-A421-4FA5-BD5A-234F2ABAE139}.Debug|x86.ActiveCfg = Debug|x86
		{5DC42914-A421-4FA5-BD5A-234F2ABAE139}.Debug|x86.Build.0 = Debug|x86
		{5DC42914-A421-4FA5-BD5A-234F2ABAE139}.Release|Any CPU.ActiveCfg = Release|x86
		{5DC42914-A421-4FA5-BD5A-234F2ABAE139}.Release|Mixed Platforms.ActiveCfg = Release|x86
		{5DC42914-A421-4FA5-BD5A-234F2ABAE139}.Release|Mixed Platforms.Build.0 = Release|x86
		{5DC42914-A421-4FA5-BD5A-234F2ABAE139}.Release|x64.ActiveCfg = Release|x86
		{5DC42914-A421-4FA5-BD5A-234F2ABAE139}.Release|x86.ActiveCfg = Release|x86
		{5DC42914-A421-4FA5-BD5A-234F2ABAE139}.Release|x86.Build.0 = Release|x86
		{B14197D6-E228-42C9-A458-DAB73AFED05C}.Debug|Any CPU.ActiveCfg = Debug|x86
		{B14197D6-E228-42C9-A458-DAB73AFED05C}.Debug|Mixed Platforms.ActiveCfg = Debug|x86
		{B14197D6-E228-42C9-A458-DAB73AFED05C}.Debug|Mixed Platforms.Build.0 = Debug|x86
		{B14197D6-E228-42C9-A458-DAB73AFED05C}.Debug|x64.ActiveCfg = Debug|x86
		{B14197D6-E228-42C9-A458-DAB73AFED05C}.Debug|x86.ActiveCfg = Debug|x86
		{B14197D6-E228-42C9-A458-DAB73AFED05C}.Debug|x86.Build.0 = Debug|x86
		{B14197D6-E228-42C9-A458-DAB73AFED05C}.Release|Any CPU.ActiveCfg = Release|x86
		{B14197D6-E228-42C9-A458-DAB73AFED05C}.Release|Mixed Platforms.ActiveCfg = Release|x86
		{B14197D6-E228-42C9-A458-DAB73AFED05C}.Release|Mixed Platforms.Build.0 = Release|x86
		{B14197D6-E228-42C9-A458-DAB73AFED05C}.Release|x64.ActiveCfg = Release|x86
		{B14197D6-E228-42C9-A458-DAB73AFED05C}.Release|x86.ActiveCfg = Release|x86
		{B14197D6-E228-42C9-A458-DAB73AFED05C}.Release|x86.Build.0 = Release|x86
		{1B8DD332-1FD5-4339-B8AB-D8587AF4E34E}.Debug|Any CPU.ActiveCfg = Debug|x86
		{1B8DD332-1FD5-4339-B8AB-D8587AF4E34E}.Debug|Mixed Platforms.ActiveCfg = Debug|x86
		{1B8DD332-1FD5-4339-B8AB-D8587AF4E34E}.Debug|Mixed Platforms.Build.0 = Debug|x86
		{1B8DD332-1FD5-4339-B8AB-D8587AF4E34E}.Debug|x64.ActiveCfg = Debug|x86
		{1B8DD332-1FD5-4339-B8AB-D8587AF4E34E}.Debug|x86.ActiveCfg = Debug|x86
		{1B8DD332-1FD5-4339-B8AB-D8587AF4E34E}.Debug|x86.Build.0 = Debug|x86
		{1B8DD332-1FD5-4339-B8AB-D8587AF4E34E}.Release|Any CPU.ActiveCfg = Release|x86
		{1B8DD332-1FD5-4339-B8AB-D8587AF4E34E}.Release|Mixed Platforms.ActiveCfg = Release|x86
		{1B8DD332-1FD5-4339-B8AB-D8587AF4E34E}.Release|Mixed Platforms.Build.0 = Release|x86
		{1B8DD332-1FD5-4339-B8AB-D8587AF4E34E}.Release|x64.ActiveCfg = Release|x86
		{1B8DD332-1FD5-4339-B8AB-D8587AF4E34E}.Release|x86.ActiveCfg = Release|x86
		{1B8DD332-1FD5-4339-B8AB-D8587AF4E34E}.Release|x86.Build.0 = Release|x86
		{43DB8909-4655-4DE4-918F-63C0DB22B0E0}.Debug|Any CPU.ActiveCfg = Debug|x86
		{43DB8909-4655-4DE4-918F-63C0DB22B0E0}.Debug|Mixed Platforms.ActiveCfg = Debug|x86
		{43DB8909-4655-4DE4-918F-63C0DB22B0E0}.Debug|Mixed Platforms.Build.0 = Debug|x86
		{43DB8909-4655-4DE4-918F-63C0DB22B0E0}.Debug|x64.ActiveCfg = Debug|x86
		{43DB8909-4655-4DE4-918F-63C0DB22B0E0}.Debug|x86.ActiveCfg = Debug|x86
		{43DB8909-4655-4DE4-918F-63C0DB22B0E0}.Debug|x86.Build.0 = Debug|x86
		{43DB8909-4655-4DE4-918F-63C0DB22B0E0}.Release|Any CPU.ActiveCfg = Release|x86
		{43DB8909-4655-4DE4-918F-63C0DB22B0E0}.Release|Mixed Platforms.ActiveCfg = Release|x86
		{43DB8909-4655-4DE4-918F-63C0DB22B0E0}.Release|Mixed Platforms.Build.0 = Release|x86
		{43DB8909-4655-4DE4-918F-63C0DB22B0E0}.Release|x64.ActiveCfg = Release|x86
		{43DB8909-4655-4DE4-918F-63C0DB22B0E0}.Release|x86.ActiveCfg = Release|x86
		{43DB8909-4655-4DE4-918F-63C0DB22B0E0}.Release|x86.Build.0 = Release|x86
		{8396AA11-76D7-423F-86F7-556ACCC767DE}.Debug|Any CPU.ActiveCfg = Debug|Any CPU
		{8396AA11-76D7-423F-86F7-556ACCC767DE}.Debug|Any CPU.Build.0 = Debug|Any CPU
		{8396AA11-76D7-423F-86F7-556ACCC767DE}.Debug|Mixed Platforms.ActiveCfg = Debug|Any CPU
		{8396AA11-76D7-423F-86F7-556ACCC767DE}.Debug|Mixed Platforms.Build.0 = Debug|Any CPU
		{8396AA11-76D7-423F-86F7-556ACCC767DE}.Debug|x64.ActiveCfg = Debug|Any CPU
		{8396AA11-76D7-423F-86F7-556ACCC767DE}.Debug|x86.ActiveCfg = Debug|Any CPU
		{8396AA11-76D7-423F-86F7-556ACCC767DE}.Release|Any CPU.ActiveCfg = Release|Any CPU
		{8396AA11-76D7-423F-86F7-556ACCC767DE}.Release|Any CPU.Build.0 = Release|Any CPU
		{8396AA11-76D7-423F-86F7-556ACCC767DE}.Release|Mixed Platforms.ActiveCfg = Release|Any CPU
		{8396AA11-76D7-423F-86F7-556ACCC767DE}.Release|Mixed Platforms.Build.0 = Release|Any CPU
		{8396AA11-76D7-423F-86F7-556ACCC767DE}.Release|x64.ActiveCfg = Release|Any CPU
		{8396AA11-76D7-423F-86F7-556ACCC767DE}.Release|x86.ActiveCfg = Release|Any CPU
		{D9A0FB66-C657-41F2-9915-7A3F0767C621}.Debug|Any CPU.ActiveCfg = Debug|Any CPU
		{D9A0FB66-C657-41F2-9915-7A3F0767C621}.Debug|Any CPU.Build.0 = Debug|Any CPU
		{D9A0FB66-C657-41F2-9915-7A3F0767C621}.Debug|Mixed Platforms.ActiveCfg = Debug|Any CPU
		{D9A0FB66-C657-41F2-9915-7A3F0767C621}.Debug|Mixed Platforms.Build.0 = Debug|Any CPU
		{D9A0FB66-C657-41F2-9915-7A3F0767C621}.Debug|x64.ActiveCfg = Debug|Any CPU
		{D9A0FB66-C657-41F2-9915-7A3F0767C621}.Debug|x86.ActiveCfg = Debug|Any CPU
		{D9A0FB66-C657-41F2-9915-7A3F0767C621}.Release|Any CPU.ActiveCfg = Release|Any CPU
		{D9A0FB66-C657-41F2-9915-7A3F0767C621}.Release|Any CPU.Build.0 = Release|Any CPU
		{D9A0FB66-C657-41F2-9915-7A3F0767C621}.Release|Mixed Platforms.ActiveCfg = Release|Any CPU
		{D9A0FB66-C657-41F2-9915-7A3F0767C621}.Release|Mixed Platforms.Build.0 = Release|Any CPU
		{D9A0FB66-C657-41F2-9915-7A3F0767C621}.Release|x64.ActiveCfg = Release|Any CPU
		{D9A0FB66-C657-41F2-9915-7A3F0767C621}.Release|x86.ActiveCfg = Release|Any CPU
		{1505E3E2-FB4A-4AD5-BC17-A40A9C436B8C}.Debug|Any CPU.ActiveCfg = Debug|Any CPU
		{1505E3E2-FB4A-4AD5-BC17-A40A9C436B8C}.Debug|Any CPU.Build.0 = Debug|Any CPU
		{1505E3E2-FB4A-4AD5-BC17-A40A9C436B8C}.Debug|Mixed Platforms.ActiveCfg = Debug|Any CPU
		{1505E3E2-FB4A-4AD5-BC17-A40A9C436B8C}.Debug|Mixed Platforms.Build.0 = Debug|Any CPU
		{1505E3E2-FB4A-4AD5-BC17-A40A9C436B8C}.Debug|x64.ActiveCfg = Debug|Any CPU
		{1505E3E2-FB4A-4AD5-BC17-A40A9C436B8C}.Debug|x86.ActiveCfg = Debug|Any CPU
		{1505E3E2-FB4A-4AD5-BC17-A40A9C436B8C}.Release|Any CPU.ActiveCfg = Release|Any CPU
		{1505E3E2-FB4A-4AD5-BC17-A40A9C436B8C}.Release|Any CPU.Build.0 = Release|Any CPU
		{1505E3E2-FB4A-4AD5-BC17-A40A9C436B8C}.Release|Mixed Platforms.ActiveCfg = Release|Any CPU
		{1505E3E2-FB4A-4AD5-BC17-A40A9C436B8C}.Release|Mixed Platforms.Build.0 = Release|Any CPU
		{1505E3E2-FB4A-4AD5-BC17-A40A9C436B8C}.Release|x64.ActiveCfg = Release|Any CPU
		{1505E3E2-FB4A-4AD5-BC17-A40A9C436B8C}.Release|x86.ActiveCfg = Release|Any CPU
		{8DB8A68D-079F-4825-A9F4-C6FF78D799EB}.Debug|Any CPU.ActiveCfg = Debug|Any CPU
		{8DB8A68D-079F-4825-A9F4-C6FF78D799EB}.Debug|Any CPU.Build.0 = Debug|Any CPU
		{8DB8A68D-079F-4825-A9F4-C6FF78D799EB}.Debug|Mixed Platforms.ActiveCfg = Debug|Any CPU
		{8DB8A68D-079F-4825-A9F4-C6FF78D799EB}.Debug|Mixed Platforms.Build.0 = Debug|Any CPU
		{8DB8A68D-079F-4825-A9F4-C6FF78D799EB}.Debug|x64.ActiveCfg = Debug|Any CPU
		{8DB8A68D-079F-4825-A9F4-C6FF78D799EB}.Debug|x86.ActiveCfg = Debug|Any CPU
		{8DB8A68D-079F-4825-A9F4-C6FF78D799EB}.Release|Any CPU.ActiveCfg = Release|Any CPU
		{8DB8A68D-079F-4825-A9F4-C6FF78D799EB}.Release|Any CPU.Build.0 = Release|Any CPU
		{8DB8A68D-079F-4825-A9F4-C6FF78D799EB}.Release|Mixed Platforms.ActiveCfg = Release|Any CPU
		{8DB8A68D-079F-4825-A9F4-C6FF78D799EB}.Release|Mixed Platforms.Build.0 = Release|Any CPU
		{8DB8A68D-079F-4825-A9F4-C6FF78D799EB}.Release|x64.ActiveCfg = Release|Any CPU
		{8DB8A68D-079F-4825-A9F4-C6FF78D799EB}.Release|x86.ActiveCfg = Release|Any CPU
		{64BAA1A3-A487-4741-A208-AC1DA99539BA}.Debug|Any CPU.ActiveCfg = Debug|x86
		{64BAA1A3-A487-4741-A208-AC1DA99539BA}.Debug|Mixed Platforms.ActiveCfg = Debug|x86
		{64BAA1A3-A487-4741-A208-AC1DA99539BA}.Debug|Mixed Platforms.Build.0 = Debug|x86
		{64BAA1A3-A487-4741-A208-AC1DA99539BA}.Debug|x64.ActiveCfg = Debug|x86
		{64BAA1A3-A487-4741-A208-AC1DA99539BA}.Debug|x86.ActiveCfg = Debug|x86
		{64BAA1A3-A487-4741-A208-AC1DA99539BA}.Debug|x86.Build.0 = Debug|x86
		{64BAA1A3-A487-4741-A208-AC1DA99539BA}.Release|Any CPU.ActiveCfg = Release|x86
		{64BAA1A3-A487-4741-A208-AC1DA99539BA}.Release|Mixed Platforms.ActiveCfg = Release|x86
		{64BAA1A3-A487-4741-A208-AC1DA99539BA}.Release|Mixed Platforms.Build.0 = Release|x86
		{64BAA1A3-A487-4741-A208-AC1DA99539BA}.Release|x64.ActiveCfg = Release|x86
		{64BAA1A3-A487-4741-A208-AC1DA99539BA}.Release|x86.ActiveCfg = Release|x86
		{64BAA1A3-A487-4741-A208-AC1DA99539BA}.Release|x86.Build.0 = Release|x86
		{8A42C2AB-0FEC-4147-A774-B0A704844ADE}.Debug|Any CPU.ActiveCfg = Debug|x86
		{8A42C2AB-0FEC-4147-A774-B0A704844ADE}.Debug|Mixed Platforms.ActiveCfg = Debug|x86
		{8A42C2AB-0FEC-4147-A774-B0A704844ADE}.Debug|Mixed Platforms.Build.0 = Debug|x86
		{8A42C2AB-0FEC-4147-A774-B0A704844ADE}.Debug|x64.ActiveCfg = Debug|x86
		{8A42C2AB-0FEC-4147-A774-B0A704844ADE}.Debug|x86.ActiveCfg = Debug|x86
		{8A42C2AB-0FEC-4147-A774-B0A704844ADE}.Debug|x86.Build.0 = Debug|x86
		{8A42C2AB-0FEC-4147-A774-B0A704844ADE}.Release|Any CPU.ActiveCfg = Release|x86
		{8A42C2AB-0FEC-4147-A774-B0A704844ADE}.Release|Mixed Platforms.ActiveCfg = Release|x86
		{8A42C2AB-0FEC-4147-A774-B0A704844ADE}.Release|Mixed Platforms.Build.0 = Release|x86
		{8A42C2AB-0FEC-4147-A774-B0A704844ADE}.Release|x64.ActiveCfg = Release|x86
		{8A42C2AB-0FEC-4147-A774-B0A704844ADE}.Release|x86.ActiveCfg = Release|x86
		{8A42C2AB-0FEC-4147-A774-B0A704844ADE}.Release|x86.Build.0 = Release|x86
		{84605EDC-CF72-4200-9FC6-9C989B48DC1E}.Debug|Any CPU.ActiveCfg = Debug|Any CPU
		{84605EDC-CF72-4200-9FC6-9C989B48DC1E}.Debug|Any CPU.Build.0 = Debug|Any CPU
		{84605EDC-CF72-4200-9FC6-9C989B48DC1E}.Debug|Mixed Platforms.ActiveCfg = Debug|Any CPU
		{84605EDC-CF72-4200-9FC6-9C989B48DC1E}.Debug|Mixed Platforms.Build.0 = Debug|Any CPU
		{84605EDC-CF72-4200-9FC6-9C989B48DC1E}.Debug|x64.ActiveCfg = Debug|Any CPU
		{84605EDC-CF72-4200-9FC6-9C989B48DC1E}.Debug|x64.Build.0 = Debug|Any CPU
		{84605EDC-CF72-4200-9FC6-9C989B48DC1E}.Debug|x86.ActiveCfg = Debug|Any CPU
		{84605EDC-CF72-4200-9FC6-9C989B48DC1E}.Debug|x86.Build.0 = Debug|Any CPU
		{84605EDC-CF72-4200-9FC6-9C989B48DC1E}.Release|Any CPU.ActiveCfg = Release|Any CPU
		{84605EDC-CF72-4200-9FC6-9C989B48DC1E}.Release|Any CPU.Build.0 = Release|Any CPU
		{84605EDC-CF72-4200-9FC6-9C989B48DC1E}.Release|Mixed Platforms.ActiveCfg = Release|Any CPU
		{84605EDC-CF72-4200-9FC6-9C989B48DC1E}.Release|Mixed Platforms.Build.0 = Release|Any CPU
		{84605EDC-CF72-4200-9FC6-9C989B48DC1E}.Release|x64.ActiveCfg = Release|Any CPU
		{84605EDC-CF72-4200-9FC6-9C989B48DC1E}.Release|x64.Build.0 = Release|Any CPU
		{84605EDC-CF72-4200-9FC6-9C989B48DC1E}.Release|x86.ActiveCfg = Release|Any CPU
		{84605EDC-CF72-4200-9FC6-9C989B48DC1E}.Release|x86.Build.0 = Release|Any CPU
		{5655AB96-0BD0-488E-94FA-4FCA612F5EAB}.Debug|Any CPU.ActiveCfg = Debug|Any CPU
		{5655AB96-0BD0-488E-94FA-4FCA612F5EAB}.Debug|Any CPU.Build.0 = Debug|Any CPU
		{5655AB96-0BD0-488E-94FA-4FCA612F5EAB}.Debug|Mixed Platforms.ActiveCfg = Debug|Any CPU
		{5655AB96-0BD0-488E-94FA-4FCA612F5EAB}.Debug|Mixed Platforms.Build.0 = Debug|Any CPU
		{5655AB96-0BD0-488E-94FA-4FCA612F5EAB}.Debug|x64.ActiveCfg = Debug|Any CPU
		{5655AB96-0BD0-488E-94FA-4FCA612F5EAB}.Debug|x64.Build.0 = Debug|Any CPU
		{5655AB96-0BD0-488E-94FA-4FCA612F5EAB}.Debug|x86.ActiveCfg = Debug|Any CPU
		{5655AB96-0BD0-488E-94FA-4FCA612F5EAB}.Debug|x86.Build.0 = Debug|Any CPU
		{5655AB96-0BD0-488E-94FA-4FCA612F5EAB}.Release|Any CPU.ActiveCfg = Release|Any CPU
		{5655AB96-0BD0-488E-94FA-4FCA612F5EAB}.Release|Any CPU.Build.0 = Release|Any CPU
		{5655AB96-0BD0-488E-94FA-4FCA612F5EAB}.Release|Mixed Platforms.ActiveCfg = Release|Any CPU
		{5655AB96-0BD0-488E-94FA-4FCA612F5EAB}.Release|Mixed Platforms.Build.0 = Release|Any CPU
		{5655AB96-0BD0-488E-94FA-4FCA612F5EAB}.Release|x64.ActiveCfg = Release|Any CPU
		{5655AB96-0BD0-488E-94FA-4FCA612F5EAB}.Release|x64.Build.0 = Release|Any CPU
		{5655AB96-0BD0-488E-94FA-4FCA612F5EAB}.Release|x86.ActiveCfg = Release|Any CPU
		{5655AB96-0BD0-488E-94FA-4FCA612F5EAB}.Release|x86.Build.0 = Release|Any CPU
		{CEA4BB5A-6741-4104-B72B-D001D91288F1}.Debug|Any CPU.ActiveCfg = Debug|x86
		{CEA4BB5A-6741-4104-B72B-D001D91288F1}.Debug|Mixed Platforms.ActiveCfg = Debug|x86
		{CEA4BB5A-6741-4104-B72B-D001D91288F1}.Debug|Mixed Platforms.Build.0 = Debug|x86
		{CEA4BB5A-6741-4104-B72B-D001D91288F1}.Debug|x64.ActiveCfg = Debug|x86
		{CEA4BB5A-6741-4104-B72B-D001D91288F1}.Debug|x86.ActiveCfg = Debug|x86
		{CEA4BB5A-6741-4104-B72B-D001D91288F1}.Debug|x86.Build.0 = Debug|x86
		{CEA4BB5A-6741-4104-B72B-D001D91288F1}.Release|Any CPU.ActiveCfg = Release|x86
		{CEA4BB5A-6741-4104-B72B-D001D91288F1}.Release|Mixed Platforms.ActiveCfg = Release|x86
		{CEA4BB5A-6741-4104-B72B-D001D91288F1}.Release|Mixed Platforms.Build.0 = Release|x86
		{CEA4BB5A-6741-4104-B72B-D001D91288F1}.Release|x64.ActiveCfg = Release|x86
		{CEA4BB5A-6741-4104-B72B-D001D91288F1}.Release|x86.ActiveCfg = Release|x86
		{CEA4BB5A-6741-4104-B72B-D001D91288F1}.Release|x86.Build.0 = Release|x86
		{640D4AA2-6966-4130-91A6-26244858FD81}.Debug|Any CPU.ActiveCfg = Debug|x86
		{640D4AA2-6966-4130-91A6-26244858FD81}.Debug|Mixed Platforms.ActiveCfg = Debug|x86
		{640D4AA2-6966-4130-91A6-26244858FD81}.Debug|Mixed Platforms.Build.0 = Debug|x86
		{640D4AA2-6966-4130-91A6-26244858FD81}.Debug|x64.ActiveCfg = Debug|x86
		{640D4AA2-6966-4130-91A6-26244858FD81}.Debug|x86.ActiveCfg = Debug|x86
		{640D4AA2-6966-4130-91A6-26244858FD81}.Debug|x86.Build.0 = Debug|x86
		{640D4AA2-6966-4130-91A6-26244858FD81}.Release|Any CPU.ActiveCfg = Release|x86
		{640D4AA2-6966-4130-91A6-26244858FD81}.Release|Mixed Platforms.ActiveCfg = Release|x86
		{640D4AA2-6966-4130-91A6-26244858FD81}.Release|Mixed Platforms.Build.0 = Release|x86
		{640D4AA2-6966-4130-91A6-26244858FD81}.Release|x64.ActiveCfg = Release|x86
		{640D4AA2-6966-4130-91A6-26244858FD81}.Release|x86.ActiveCfg = Release|x86
		{640D4AA2-6966-4130-91A6-26244858FD81}.Release|x86.Build.0 = Release|x86
		{593FD7D9-EBAC-4CEB-B30F-6418EF03C65E}.Debug|Any CPU.ActiveCfg = Debug|Any CPU
		{593FD7D9-EBAC-4CEB-B30F-6418EF03C65E}.Debug|Any CPU.Build.0 = Debug|Any CPU
		{593FD7D9-EBAC-4CEB-B30F-6418EF03C65E}.Debug|Mixed Platforms.ActiveCfg = Debug|Any CPU
		{593FD7D9-EBAC-4CEB-B30F-6418EF03C65E}.Debug|Mixed Platforms.Build.0 = Debug|Any CPU
		{593FD7D9-EBAC-4CEB-B30F-6418EF03C65E}.Debug|x64.ActiveCfg = Debug|Any CPU
		{593FD7D9-EBAC-4CEB-B30F-6418EF03C65E}.Debug|x64.Build.0 = Debug|Any CPU
		{593FD7D9-EBAC-4CEB-B30F-6418EF03C65E}.Debug|x86.ActiveCfg = Debug|Any CPU
		{593FD7D9-EBAC-4CEB-B30F-6418EF03C65E}.Debug|x86.Build.0 = Debug|Any CPU
		{593FD7D9-EBAC-4CEB-B30F-6418EF03C65E}.Release|Any CPU.ActiveCfg = Release|Any CPU
		{593FD7D9-EBAC-4CEB-B30F-6418EF03C65E}.Release|Any CPU.Build.0 = Release|Any CPU
		{593FD7D9-EBAC-4CEB-B30F-6418EF03C65E}.Release|Mixed Platforms.ActiveCfg = Release|Any CPU
		{593FD7D9-EBAC-4CEB-B30F-6418EF03C65E}.Release|Mixed Platforms.Build.0 = Release|Any CPU
		{593FD7D9-EBAC-4CEB-B30F-6418EF03C65E}.Release|x64.ActiveCfg = Release|Any CPU
		{593FD7D9-EBAC-4CEB-B30F-6418EF03C65E}.Release|x64.Build.0 = Release|Any CPU
		{593FD7D9-EBAC-4CEB-B30F-6418EF03C65E}.Release|x86.ActiveCfg = Release|Any CPU
		{593FD7D9-EBAC-4CEB-B30F-6418EF03C65E}.Release|x86.Build.0 = Release|Any CPU
	EndGlobalSection
	GlobalSection(SolutionProperties) = preSolution
		HideSolutionNode = FALSE
	EndGlobalSection
	GlobalSection(NestedProjects) = preSolution
		{6384F3D5-7CB5-4D1F-8A1F-3FA9B0A78F05} = {BF8FB783-5FCC-4BBB-A23A-B4D028606C54}
		{19F9E4F5-83A0-412B-A3B5-F39D7CBB37E6} = {DA9295D4-93B6-46E3-A321-2B5C66B324F3}
		{A588B70C-9759-4C75-89D0-4BDCE70FB254} = {AD438C5B-D836-48B1-A770-BFA0117952DD}
		{876E357B-8180-4060-87F5-5D5C11E29E4E} = {DA9295D4-93B6-46E3-A321-2B5C66B324F3}
		{40402C8B-6A76-4B69-9026-65D880668F60} = {24D9566D-3057-4176-8A15-9FDD81356AC9}
		{1D1C6C10-62A3-424B-9F2C-D0BD6BB68991} = {AD438C5B-D836-48B1-A770-BFA0117952DD}
		{C56E2092-4B56-4366-9F41-1F949A9F619B} = {293CCD46-FD9A-405A-9AC8-38136E4C91DC}
		{543ED9EB-DADE-4694-BA6C-7ECEAA5D135C} = {BF8FB783-5FCC-4BBB-A23A-B4D028606C54}
		{293CCD46-FD9A-405A-9AC8-38136E4C91DC} = {AD438C5B-D836-48B1-A770-BFA0117952DD}
		{D419C730-7E33-475F-B8F0-31DA6216DD80} = {293CCD46-FD9A-405A-9AC8-38136E4C91DC}
		{A39BDCE8-FDE6-4159-9291-BB933948CA56} = {95E2E33B-1A00-4E09-8E15-78A8B2184726}
		{5ED15A98-0895-48D3-851C-088A217D41E7} = {981DBC3B-067B-4C66-B28D-2D58ABB926B0}
		{6D1E6459-D918-445D-AADE-196027A2FF17} = {981DBC3B-067B-4C66-B28D-2D58ABB926B0}
		{360BB332-FB7D-450C-86F9-E06E9C0869BF} = {981DBC3B-067B-4C66-B28D-2D58ABB926B0}
		{62D29056-3A63-47B7-AD03-158F9991FAE2} = {981DBC3B-067B-4C66-B28D-2D58ABB926B0}
		{A521B336-5BE0-4576-97EF-619246CCA6C6} = {981DBC3B-067B-4C66-B28D-2D58ABB926B0}
		{A41DA131-E0C5-46DF-B550-1A5A36C51B64} = {24D9566D-3057-4176-8A15-9FDD81356AC9}
		{85632121-2FB7-46EF-8F72-150DCC71E472} = {24D9566D-3057-4176-8A15-9FDD81356AC9}
		{481548C1-51EB-42C6-AD05-E0364E4A3AAA} = {24D9566D-3057-4176-8A15-9FDD81356AC9}
		{AA5A8531-83EB-4999-9435-C5FFF391F4CF} = {24D9566D-3057-4176-8A15-9FDD81356AC9}
		{CAFCC9E5-5134-451A-8B3E-43D4B76E5318} = {24D9566D-3057-4176-8A15-9FDD81356AC9}
		{3C06E562-08C1-44F5-A735-C0A14CC94A7F} = {24D9566D-3057-4176-8A15-9FDD81356AC9}
		{AB80688E-8CFE-4E41-AF48-090EEE8553BA} = {BF8FB783-5FCC-4BBB-A23A-B4D028606C54}
		{22633E6A-5118-4C20-B1A0-A17035E75D76} = {AD438C5B-D836-48B1-A770-BFA0117952DD}
		{5E590AD1-6311-44E4-B95A-5F7DE33EAE52} = {22633E6A-5118-4C20-B1A0-A17035E75D76}
		{4EB74D5F-B5FA-4CDD-A908-1965DBE00614} = {22633E6A-5118-4C20-B1A0-A17035E75D76}
		{CF202182-CB0A-4AE5-B910-02D4E6D6F66F} = {22633E6A-5118-4C20-B1A0-A17035E75D76}
		{2945BA65-AA83-41AC-8F5C-A7FF18070E06} = {22633E6A-5118-4C20-B1A0-A17035E75D76}
		{0ED32D17-940B-41E9-AFC1-2BB4940694A2} = {22633E6A-5118-4C20-B1A0-A17035E75D76}
		{5DC42914-A421-4FA5-BD5A-234F2ABAE139} = {981DBC3B-067B-4C66-B28D-2D58ABB926B0}
		{B14197D6-E228-42C9-A458-DAB73AFED05C} = {981DBC3B-067B-4C66-B28D-2D58ABB926B0}
		{1B8DD332-1FD5-4339-B8AB-D8587AF4E34E} = {981DBC3B-067B-4C66-B28D-2D58ABB926B0}
		{43DB8909-4655-4DE4-918F-63C0DB22B0E0} = {AD438C5B-D836-48B1-A770-BFA0117952DD}
		{8396AA11-76D7-423F-86F7-556ACCC767DE} = {24D9566D-3057-4176-8A15-9FDD81356AC9}
		{D9A0FB66-C657-41F2-9915-7A3F0767C621} = {24D9566D-3057-4176-8A15-9FDD81356AC9}
		{1505E3E2-FB4A-4AD5-BC17-A40A9C436B8C} = {24D9566D-3057-4176-8A15-9FDD81356AC9}
		{8DB8A68D-079F-4825-A9F4-C6FF78D799EB} = {BF8FB783-5FCC-4BBB-A23A-B4D028606C54}
		{64BAA1A3-A487-4741-A208-AC1DA99539BA} = {22633E6A-5118-4C20-B1A0-A17035E75D76}
		{8A42C2AB-0FEC-4147-A774-B0A704844ADE} = {981DBC3B-067B-4C66-B28D-2D58ABB926B0}
		{84605EDC-CF72-4200-9FC6-9C989B48DC1E} = {24D9566D-3057-4176-8A15-9FDD81356AC9}
		{5655AB96-0BD0-488E-94FA-4FCA612F5EAB} = {24D9566D-3057-4176-8A15-9FDD81356AC9}
		{BD51C077-3D02-4B5A-A50C-9413CA7E68C0} = {AD438C5B-D836-48B1-A770-BFA0117952DD}
		{CEA4BB5A-6741-4104-B72B-D001D91288F1} = {BD51C077-3D02-4B5A-A50C-9413CA7E68C0}
		{640D4AA2-6966-4130-91A6-26244858FD81} = {BD51C077-3D02-4B5A-A50C-9413CA7E68C0}
		{593FD7D9-EBAC-4CEB-B30F-6418EF03C65E} = {BD51C077-3D02-4B5A-A50C-9413CA7E68C0}
	EndGlobalSection
	GlobalSection(ExtensibilityGlobals) = postSolution
		SolutionGuid = {C2B48065-11AF-4E00-92D6-1C208AD9E394}
	EndGlobalSection
EndGlobal
